
Microsoft Visual Studio Solution File, Format Version 12.00
# Visual Studio Version 17
VisualStudioVersion = 17.0.31903.59
MinimumVisualStudioVersion = 10.0.40219.1
Project("{FAE04EC0-301F-11D3-BF4B-00C04F79EFBC}") = "Tholus.Console", "Tholus.Console\Tholus.Console.csproj", "{9F73DD30-599C-4D98-9139-911B4B36CB2C}"
EndProject
Project("{FAE04EC0-301F-11D3-BF4B-00C04F79EFBC}") = "Tholus.Core", "Tholus.Core\Tholus.Core.csproj", "{EB69AA55-44A3-4195-AB62-EBA9AB1BB46E}"
EndProject
Global
	GlobalSection(SolutionConfigurationPlatforms) = preSolution
		Debug|Any CPU = Debug|Any CPU
		Release|Any CPU = Release|Any CPU
	EndGlobalSection
	GlobalSection(SolutionProperties) = preSolution
		HideSolutionNode = FALSE
	EndGlobalSection
	GlobalSection(ProjectConfigurationPlatforms) = postSolution
		{9F73DD30-599C-4D98-9139-911B4B36CB2C}.Debug|Any CPU.ActiveCfg = Debug|Any CPU
		{9F73DD30-599C-4D98-9139-911B4B36CB2C}.Debug|Any CPU.Build.0 = Debug|Any CPU
		{9F73DD30-599C-4D98-9139-911B4B36CB2C}.Release|Any CPU.ActiveCfg = Release|Any CPU
		{9F73DD30-599C-4D98-9139-911B4B36CB2C}.Release|Any CPU.Build.0 = Release|Any CPU
		{EB69AA55-44A3-4195-AB62-EBA9AB1BB46E}.Debug|Any CPU.ActiveCfg = Debug|Any CPU
		{EB69AA55-44A3-4195-AB62-EBA9AB1BB46E}.Debug|Any CPU.Build.0 = Debug|Any CPU
		{EB69AA55-44A3-4195-AB62-EBA9AB1BB46E}.Release|Any CPU.ActiveCfg = Release|Any CPU
		{EB69AA55-44A3-4195-AB62-EBA9AB1BB46E}.Release|Any CPU.Build.0 = Release|Any CPU
	EndGlobalSection
EndGlobal
